
Microsoft Visual Studio Solution File, Format Version 12.00
# Visual Studio Version 16
VisualStudioVersion = 16.0.30517.126
MinimumVisualStudioVersion = 10.0.40219.1
Project("{9A19103F-16F7-4668-BE54-9A1E7A4F7556}") = "SharedLibraries", "SharedLibraries\SharedLibraries.csproj", "{A82ECA44-FC74-4B16-A06A-5AF73C738487}"
EndProject
Project("{9A19103F-16F7-4668-BE54-9A1E7A4F7556}") = "AzureFunctions", "AzureFunctions\AzureFunctions.csproj", "{DA0B8300-3568-4F1F-8361-64612719C4E6}"
EndProject
Project("{9A19103F-16F7-4668-BE54-9A1E7A4F7556}") = "ConsoleApp", "Uppgift3\ConsoleApp.csproj", "{49A8292D-2824-488B-8628-9A04F73E4BBC}"
EndProject
Global
	GlobalSection(SolutionConfigurationPlatforms) = preSolution
		Debug|Any CPU = Debug|Any CPU
		Release|Any CPU = Release|Any CPU
	EndGlobalSection
	GlobalSection(ProjectConfigurationPlatforms) = postSolution
		{A82ECA44-FC74-4B16-A06A-5AF73C738487}.Debug|Any CPU.ActiveCfg = Debug|Any CPU
		{A82ECA44-FC74-4B16-A06A-5AF73C738487}.Debug|Any CPU.Build.0 = Debug|Any CPU
		{A82ECA44-FC74-4B16-A06A-5AF73C738487}.Release|Any CPU.ActiveCfg = Release|Any CPU
		{A82ECA44-FC74-4B16-A06A-5AF73C738487}.Release|Any CPU.Build.0 = Release|Any CPU
		{DA0B8300-3568-4F1F-8361-64612719C4E6}.Debug|Any CPU.ActiveCfg = Debug|Any CPU
		{DA0B8300-3568-4F1F-8361-64612719C4E6}.Debug|Any CPU.Build.0 = Debug|Any CPU
		{DA0B8300-3568-4F1F-8361-64612719C4E6}.Release|Any CPU.ActiveCfg = Release|Any CPU
		{DA0B8300-3568-4F1F-8361-64612719C4E6}.Release|Any CPU.Build.0 = Release|Any CPU
		{49A8292D-2824-488B-8628-9A04F73E4BBC}.Debug|Any CPU.ActiveCfg = Debug|Any CPU
		{49A8292D-2824-488B-8628-9A04F73E4BBC}.Debug|Any CPU.Build.0 = Debug|Any CPU
		{49A8292D-2824-488B-8628-9A04F73E4BBC}.Release|Any CPU.ActiveCfg = Release|Any CPU
		{49A8292D-2824-488B-8628-9A04F73E4BBC}.Release|Any CPU.Build.0 = Release|Any CPU
	EndGlobalSection
	GlobalSection(SolutionProperties) = preSolution
		HideSolutionNode = FALSE
	EndGlobalSection
	GlobalSection(ExtensibilityGlobals) = postSolution
		SolutionGuid = {FCD09F86-7D1B-42D9-8687-F8C3F64D6D4A}
	EndGlobalSection
EndGlobal
